
Microsoft Visual Studio Solution File, Format Version 12.00
# Visual Studio Version 16
VisualStudioVersion = 16.0.28922.388
MinimumVisualStudioVersion = 10.0.40219.1
Project("{FAE04EC0-301F-11D3-BF4B-00C04F79EFBC}") = "HashMaps", "HashMaps\HashMaps.csproj", "{0BB5547C-AB32-4DF7-88EB-C6D8FADC55A3}"
EndProject
Project("{2150E333-8FDC-42A3-9474-1A3956D46DE8}") = "Solution Items", "Solution Items", "{B5AA208C-B4A9-4B9B-964B-E157EE1A89E9}"
EndProject
Global
	GlobalSection(SolutionConfigurationPlatforms) = preSolution
		Debug|Any CPU = Debug|Any CPU
		Release|Any CPU = Release|Any CPU
	EndGlobalSection
	GlobalSection(ProjectConfigurationPlatforms) = postSolution
		{0BB5547C-AB32-4DF7-88EB-C6D8FADC55A3}.Debug|Any CPU.ActiveCfg = Debug|Any CPU
		{0BB5547C-AB32-4DF7-88EB-C6D8FADC55A3}.Debug|Any CPU.Build.0 = Debug|Any CPU
		{0BB5547C-AB32-4DF7-88EB-C6D8FADC55A3}.Release|Any CPU.ActiveCfg = Release|Any CPU
		{0BB5547C-AB32-4DF7-88EB-C6D8FADC55A3}.Release|Any CPU.Build.0 = Release|Any CPU
	EndGlobalSection
	GlobalSection(SolutionProperties) = preSolution
		HideSolutionNode = FALSE
	EndGlobalSection
	GlobalSection(ExtensibilityGlobals) = postSolution
		SolutionGuid = {12997C28-E64F-4143-8A20-2088A6CB4B65}
	EndGlobalSection
EndGlobal
