
Microsoft Visual Studio Solution File, Format Version 12.00
# Visual Studio 15
Project("{FAE04EC0-301F-11D3-BF4B-00C04F79EFBC}") = "LeetCodeAlgorithmQuestions", "LeetCodeAlgorithmQuestions\LeetCodeAlgorithmQuestions.csproj", "{34FDBB5C-5BFB-4D9B-ADDC-05ED22D6FC80}"
EndProject
Project("{FAE04EC0-301F-11D3-BF4B-00C04F79EFBC}") = "LeetCodeAlgorithmUnitTests", "LeetCodeAlgorithmTests\LeetCodeAlgorithmUnitTests.csproj", "{377B7625-2620-4115-82BB-5DD1FA07CBA3}"
EndProject
Global
	GlobalSection(SolutionConfigurationPlatforms) = preSolution
		Debug|Any CPU = Debug|Any CPU
		Release|Any CPU = Release|Any CPU
	EndGlobalSection
	GlobalSection(ProjectConfigurationPlatforms) = postSolution
		{34FDBB5C-5BFB-4D9B-ADDC-05ED22D6FC80}.Debug|Any CPU.ActiveCfg = Debug|Any CPU
		{34FDBB5C-5BFB-4D9B-ADDC-05ED22D6FC80}.Debug|Any CPU.Build.0 = Debug|Any CPU
		{34FDBB5C-5BFB-4D9B-ADDC-05ED22D6FC80}.Release|Any CPU.ActiveCfg = Release|Any CPU
		{34FDBB5C-5BFB-4D9B-ADDC-05ED22D6FC80}.Release|Any CPU.Build.0 = Release|Any CPU
		{377B7625-2620-4115-82BB-5DD1FA07CBA3}.Debug|Any CPU.ActiveCfg = Debug|Any CPU
		{377B7625-2620-4115-82BB-5DD1FA07CBA3}.Debug|Any CPU.Build.0 = Debug|Any CPU
		{377B7625-2620-4115-82BB-5DD1FA07CBA3}.Release|Any CPU.ActiveCfg = Release|Any CPU
		{377B7625-2620-4115-82BB-5DD1FA07CBA3}.Release|Any CPU.Build.0 = Release|Any CPU
	EndGlobalSection
EndGlobal
